// !$*UTF8*$!
{
	archiveVersion = 1;
	classes = {
	};
	objectVersion = 48;
	objects = {

/* Begin PBXBuildFile section */
		A11A6ADF5754E8360AF617CF /* Pods_Waventasy.framework in Frameworks */ = {isa = PBXBuildFile; fileRef = 87C21329FD51F9AA38A8FDE2 /* Pods_Waventasy.framework */; };
		A7155BDC203645BA00E9B4A7 /* SoundBoardScrollView.swift in Sources */ = {isa = PBXBuildFile; fileRef = A7155BDB203645BA00E9B4A7 /* SoundBoardScrollView.swift */; };
		A726C816203863F500DECE67 /* SoundBoardCollectionLayout.swift in Sources */ = {isa = PBXBuildFile; fileRef = A726C815203863F500DECE67 /* SoundBoardCollectionLayout.swift */; };
		A726C819203865B000DECE67 /* SoundNodeCollectionViewItem.swift in Sources */ = {isa = PBXBuildFile; fileRef = A726C817203865B000DECE67 /* SoundNodeCollectionViewItem.swift */; };
		A726C81A203865B000DECE67 /* SoundNodeCollectionViewItem.xib in Resources */ = {isa = PBXBuildFile; fileRef = A726C818203865B000DECE67 /* SoundNodeCollectionViewItem.xib */; };
		A726C81D20387A3000DECE67 /* SoundNode.swift in Sources */ = {isa = PBXBuildFile; fileRef = A726C81C20387A3000DECE67 /* SoundNode.swift */; };
		A726C820203890AA00DECE67 /* CGPoint+Operators.swift in Sources */ = {isa = PBXBuildFile; fileRef = A726C81F203890AA00DECE67 /* CGPoint+Operators.swift */; };
		A72D752E2038A76000D60CB0 /* FlippedClipView.swift in Sources */ = {isa = PBXBuildFile; fileRef = A72D752D2038A76000D60CB0 /* FlippedClipView.swift */; };
		A72D75302039216D00D60CB0 /* SoundNodeDrawing.swift in Sources */ = {isa = PBXBuildFile; fileRef = A72D752F2039216D00D60CB0 /* SoundNodeDrawing.swift */; };
		A72D753420392A1100D60CB0 /* NSColor+Hex.swift in Sources */ = {isa = PBXBuildFile; fileRef = A72D753320392A1100D60CB0 /* NSColor+Hex.swift */; };
		A72D753720399BAB00D60CB0 /* BoardView.swift in Sources */ = {isa = PBXBuildFile; fileRef = A72D753620399BAB00D60CB0 /* BoardView.swift */; };
		A72D753920399BE000D60CB0 /* BoardDataSource.swift in Sources */ = {isa = PBXBuildFile; fileRef = A72D753820399BE000D60CB0 /* BoardDataSource.swift */; };
		A72D753B20399C9500D60CB0 /* BoardTypes.swift in Sources */ = {isa = PBXBuildFile; fileRef = A72D753A20399C9500D60CB0 /* BoardTypes.swift */; };
		A72D753D2039A04A00D60CB0 /* BoardItemView.swift in Sources */ = {isa = PBXBuildFile; fileRef = A72D753C2039A04A00D60CB0 /* BoardItemView.swift */; };
		A72D753F2039A0BA00D60CB0 /* BoardDelegate.swift in Sources */ = {isa = PBXBuildFile; fileRef = A72D753E2039A0BA00D60CB0 /* BoardDelegate.swift */; };
		A72D75412039AC0100D60CB0 /* SoundBoardItemType.swift in Sources */ = {isa = PBXBuildFile; fileRef = A72D75402039AC0100D60CB0 /* SoundBoardItemType.swift */; };
		A72D75432039BDFA00D60CB0 /* FrequencyNode.swift in Sources */ = {isa = PBXBuildFile; fileRef = A72D75422039BDFA00D60CB0 /* FrequencyNode.swift */; };
		A72D75452039BE5A00D60CB0 /* SoundNodeSlot.swift in Sources */ = {isa = PBXBuildFile; fileRef = A72D75442039BE5A00D60CB0 /* SoundNodeSlot.swift */; };
		A72D75472039C04100D60CB0 /* SoundLink.swift in Sources */ = {isa = PBXBuildFile; fileRef = A72D75462039C04100D60CB0 /* SoundLink.swift */; };
		A72D754E2039C23800D60CB0 /* NSView+NibLoading.swift in Sources */ = {isa = PBXBuildFile; fileRef = A72D754D2039C23800D60CB0 /* NSView+NibLoading.swift */; };
		A72D75512039C9E600D60CB0 /* SoundNodeLinkImage.swift in Sources */ = {isa = PBXBuildFile; fileRef = A72D75502039C9E600D60CB0 /* SoundNodeLinkImage.swift */; };
		A72D75532039E2EB00D60CB0 /* SoundNodeAssetImages.swift in Sources */ = {isa = PBXBuildFile; fileRef = A72D75522039E2EB00D60CB0 /* SoundNodeAssetImages.swift */; };
		A72D7555203A197900D60CB0 /* SoundNodeSlotInputView.swift in Sources */ = {isa = PBXBuildFile; fileRef = A72D7554203A197900D60CB0 /* SoundNodeSlotInputView.swift */; };
		A72D7557203A198F00D60CB0 /* SoundNodeSlotOutputView.swift in Sources */ = {isa = PBXBuildFile; fileRef = A72D7556203A198F00D60CB0 /* SoundNodeSlotOutputView.swift */; };
		A72D7559203A1A5F00D60CB0 /* SoundNodeSlotInput.swift in Sources */ = {isa = PBXBuildFile; fileRef = A72D7558203A1A5F00D60CB0 /* SoundNodeSlotInput.swift */; };
		A72D755B203A1A6F00D60CB0 /* SoundNodeSlotOutput.swift in Sources */ = {isa = PBXBuildFile; fileRef = A72D755A203A1A6F00D60CB0 /* SoundNodeSlotOutput.swift */; };
		A72D755D203A5BF000D60CB0 /* HarmonicNode.swift in Sources */ = {isa = PBXBuildFile; fileRef = A72D755C203A5BF000D60CB0 /* HarmonicNode.swift */; };
		A72D7561203B0D0100D60CB0 /* SoundLinkView.swift in Sources */ = {isa = PBXBuildFile; fileRef = A72D7560203B0D0100D60CB0 /* SoundLinkView.swift */; };
		A72D7563203B13FA00D60CB0 /* SoundNodeSlotDelegate.swift in Sources */ = {isa = PBXBuildFile; fileRef = A72D7562203B13FA00D60CB0 /* SoundNodeSlotDelegate.swift */; };
		A730455B2033868D00DB15DE /* AppDelegate.swift in Sources */ = {isa = PBXBuildFile; fileRef = A730455A2033868D00DB15DE /* AppDelegate.swift */; };
		A730455D2033868D00DB15DE /* WavesViewController.swift in Sources */ = {isa = PBXBuildFile; fileRef = A730455C2033868D00DB15DE /* WavesViewController.swift */; };
		A730455F2033868D00DB15DE /* Assets.xcassets in Resources */ = {isa = PBXBuildFile; fileRef = A730455E2033868D00DB15DE /* Assets.xcassets */; };
		A73045622033868D00DB15DE /* Main.storyboard in Resources */ = {isa = PBXBuildFile; fileRef = A73045602033868D00DB15DE /* Main.storyboard */; };
		A730456F2033A5DE00DB15DE /* Harmonic.swift in Sources */ = {isa = PBXBuildFile; fileRef = A730456E2033A5DE00DB15DE /* Harmonic.swift */; };
		A751C457203B43B800AF8F50 /* ConstantNode.swift in Sources */ = {isa = PBXBuildFile; fileRef = A751C456203B43B800AF8F50 /* ConstantNode.swift */; };
		A758CB74203C75AF00DC69AA /* Logger.swift in Sources */ = {isa = PBXBuildFile; fileRef = A758CB73203C75AF00DC69AA /* Logger.swift */; };
		A758CB76203C786C00DC69AA /* Enum+Utility.swift in Sources */ = {isa = PBXBuildFile; fileRef = A758CB75203C786C00DC69AA /* Enum+Utility.swift */; };
		A75C9DD820362982001B34F6 /* SoundBoardViewController.swift in Sources */ = {isa = PBXBuildFile; fileRef = A75C9DD720362982001B34F6 /* SoundBoardViewController.swift */; };
		A77063B9203B51A8009B146C /* SoundBuilder.swift in Sources */ = {isa = PBXBuildFile; fileRef = A77063B8203B51A8009B146C /* SoundBuilder.swift */; };
		A7B27C5E2034D0000053780B /* SoundPlayer.swift in Sources */ = {isa = PBXBuildFile; fileRef = A7B27C5D2034D0000053780B /* SoundPlayer.swift */; };
		A7C4FF05203766940011816A /* SoundBoardWindowController.swift in Sources */ = {isa = PBXBuildFile; fileRef = A7C4FF04203766940011816A /* SoundBoardWindowController.swift */; };
		A7C4FF0820377DF60011816A /* SoundNodeView.xib in Resources */ = {isa = PBXBuildFile; fileRef = A7C4FF0720377DF60011816A /* SoundNodeView.xib */; };
		A7C4FF0A20377E100011816A /* SoundNodeView.swift in Sources */ = {isa = PBXBuildFile; fileRef = A7C4FF0920377E100011816A /* SoundNodeView.swift */; };
		A7D7F5EB203B5A3E006CAFF5 /* SoundGraphEdge.swift in Sources */ = {isa = PBXBuildFile; fileRef = A7D7F5EA203B5A3E006CAFF5 /* SoundGraphEdge.swift */; };
		A7D7F5ED203B5ACF006CAFF5 /* SoundGraph.swift in Sources */ = {isa = PBXBuildFile; fileRef = A7D7F5EC203B5ACF006CAFF5 /* SoundGraph.swift */; };
/* End PBXBuildFile section */

/* Begin PBXFileReference section */
		1D830755041ACFA6FE38E718 /* Pods-Waventasy.debug.xcconfig */ = {isa = PBXFileReference; includeInIndex = 1; lastKnownFileType = text.xcconfig; name = "Pods-Waventasy.debug.xcconfig"; path = "Pods/Target Support Files/Pods-Waventasy/Pods-Waventasy.debug.xcconfig"; sourceTree = "<group>"; };
		6D8ABFD73382CE2CA8034B49 /* Pods-Waventasy.release.xcconfig */ = {isa = PBXFileReference; includeInIndex = 1; lastKnownFileType = text.xcconfig; name = "Pods-Waventasy.release.xcconfig"; path = "Pods/Target Support Files/Pods-Waventasy/Pods-Waventasy.release.xcconfig"; sourceTree = "<group>"; };
		87C21329FD51F9AA38A8FDE2 /* Pods_Waventasy.framework */ = {isa = PBXFileReference; explicitFileType = wrapper.framework; includeInIndex = 0; path = Pods_Waventasy.framework; sourceTree = BUILT_PRODUCTS_DIR; };
		A7155BDB203645BA00E9B4A7 /* SoundBoardScrollView.swift */ = {isa = PBXFileReference; lastKnownFileType = sourcecode.swift; path = SoundBoardScrollView.swift; sourceTree = "<group>"; };
		A726C815203863F500DECE67 /* SoundBoardCollectionLayout.swift */ = {isa = PBXFileReference; lastKnownFileType = sourcecode.swift; path = SoundBoardCollectionLayout.swift; sourceTree = "<group>"; };
		A726C817203865B000DECE67 /* SoundNodeCollectionViewItem.swift */ = {isa = PBXFileReference; lastKnownFileType = sourcecode.swift; path = SoundNodeCollectionViewItem.swift; sourceTree = "<group>"; };
		A726C818203865B000DECE67 /* SoundNodeCollectionViewItem.xib */ = {isa = PBXFileReference; lastKnownFileType = file.xib; path = SoundNodeCollectionViewItem.xib; sourceTree = "<group>"; };
		A726C81C20387A3000DECE67 /* SoundNode.swift */ = {isa = PBXFileReference; lastKnownFileType = sourcecode.swift; path = SoundNode.swift; sourceTree = "<group>"; };
		A726C81F203890AA00DECE67 /* CGPoint+Operators.swift */ = {isa = PBXFileReference; lastKnownFileType = sourcecode.swift; path = "CGPoint+Operators.swift"; sourceTree = "<group>"; };
		A72D752D2038A76000D60CB0 /* FlippedClipView.swift */ = {isa = PBXFileReference; lastKnownFileType = sourcecode.swift; path = FlippedClipView.swift; sourceTree = "<group>"; };
		A72D752F2039216D00D60CB0 /* SoundNodeDrawing.swift */ = {isa = PBXFileReference; lastKnownFileType = sourcecode.swift; path = SoundNodeDrawing.swift; sourceTree = "<group>"; };
		A72D753320392A1100D60CB0 /* NSColor+Hex.swift */ = {isa = PBXFileReference; lastKnownFileType = sourcecode.swift; path = "NSColor+Hex.swift"; sourceTree = "<group>"; };
		A72D753620399BAB00D60CB0 /* BoardView.swift */ = {isa = PBXFileReference; lastKnownFileType = sourcecode.swift; path = BoardView.swift; sourceTree = "<group>"; };
		A72D753820399BE000D60CB0 /* BoardDataSource.swift */ = {isa = PBXFileReference; lastKnownFileType = sourcecode.swift; path = BoardDataSource.swift; sourceTree = "<group>"; };
		A72D753A20399C9500D60CB0 /* BoardTypes.swift */ = {isa = PBXFileReference; lastKnownFileType = sourcecode.swift; path = BoardTypes.swift; sourceTree = "<group>"; };
		A72D753C2039A04A00D60CB0 /* BoardItemView.swift */ = {isa = PBXFileReference; lastKnownFileType = sourcecode.swift; path = BoardItemView.swift; sourceTree = "<group>"; };
		A72D753E2039A0BA00D60CB0 /* BoardDelegate.swift */ = {isa = PBXFileReference; lastKnownFileType = sourcecode.swift; path = BoardDelegate.swift; sourceTree = "<group>"; };
		A72D75402039AC0100D60CB0 /* SoundBoardItemType.swift */ = {isa = PBXFileReference; lastKnownFileType = sourcecode.swift; path = SoundBoardItemType.swift; sourceTree = "<group>"; };
		A72D75422039BDFA00D60CB0 /* FrequencyNode.swift */ = {isa = PBXFileReference; lastKnownFileType = sourcecode.swift; path = FrequencyNode.swift; sourceTree = "<group>"; };
		A72D75442039BE5A00D60CB0 /* SoundNodeSlot.swift */ = {isa = PBXFileReference; lastKnownFileType = sourcecode.swift; path = SoundNodeSlot.swift; sourceTree = "<group>"; };
		A72D75462039C04100D60CB0 /* SoundLink.swift */ = {isa = PBXFileReference; lastKnownFileType = sourcecode.swift; path = SoundLink.swift; sourceTree = "<group>"; };
		A72D754D2039C23800D60CB0 /* NSView+NibLoading.swift */ = {isa = PBXFileReference; lastKnownFileType = sourcecode.swift; path = "NSView+NibLoading.swift"; sourceTree = "<group>"; };
		A72D75502039C9E600D60CB0 /* SoundNodeLinkImage.swift */ = {isa = PBXFileReference; lastKnownFileType = sourcecode.swift; path = SoundNodeLinkImage.swift; sourceTree = "<group>"; };
		A72D75522039E2EB00D60CB0 /* SoundNodeAssetImages.swift */ = {isa = PBXFileReference; lastKnownFileType = sourcecode.swift; path = SoundNodeAssetImages.swift; sourceTree = "<group>"; };
		A72D7554203A197900D60CB0 /* SoundNodeSlotInputView.swift */ = {isa = PBXFileReference; lastKnownFileType = sourcecode.swift; path = SoundNodeSlotInputView.swift; sourceTree = "<group>"; };
		A72D7556203A198F00D60CB0 /* SoundNodeSlotOutputView.swift */ = {isa = PBXFileReference; lastKnownFileType = sourcecode.swift; path = SoundNodeSlotOutputView.swift; sourceTree = "<group>"; };
		A72D7558203A1A5F00D60CB0 /* SoundNodeSlotInput.swift */ = {isa = PBXFileReference; lastKnownFileType = sourcecode.swift; path = SoundNodeSlotInput.swift; sourceTree = "<group>"; };
		A72D755A203A1A6F00D60CB0 /* SoundNodeSlotOutput.swift */ = {isa = PBXFileReference; lastKnownFileType = sourcecode.swift; path = SoundNodeSlotOutput.swift; sourceTree = "<group>"; };
		A72D755C203A5BF000D60CB0 /* HarmonicNode.swift */ = {isa = PBXFileReference; lastKnownFileType = sourcecode.swift; path = HarmonicNode.swift; sourceTree = "<group>"; };
		A72D7560203B0D0100D60CB0 /* SoundLinkView.swift */ = {isa = PBXFileReference; lastKnownFileType = sourcecode.swift; path = SoundLinkView.swift; sourceTree = "<group>"; };
		A72D7562203B13FA00D60CB0 /* SoundNodeSlotDelegate.swift */ = {isa = PBXFileReference; lastKnownFileType = sourcecode.swift; path = SoundNodeSlotDelegate.swift; sourceTree = "<group>"; };
		A73045572033868D00DB15DE /* Waventasy.app */ = {isa = PBXFileReference; explicitFileType = wrapper.application; includeInIndex = 0; path = Waventasy.app; sourceTree = BUILT_PRODUCTS_DIR; };
		A730455A2033868D00DB15DE /* AppDelegate.swift */ = {isa = PBXFileReference; lastKnownFileType = sourcecode.swift; path = AppDelegate.swift; sourceTree = "<group>"; };
		A730455C2033868D00DB15DE /* WavesViewController.swift */ = {isa = PBXFileReference; lastKnownFileType = sourcecode.swift; path = WavesViewController.swift; sourceTree = "<group>"; };
		A730455E2033868D00DB15DE /* Assets.xcassets */ = {isa = PBXFileReference; lastKnownFileType = folder.assetcatalog; path = Assets.xcassets; sourceTree = "<group>"; };
		A73045612033868D00DB15DE /* Base */ = {isa = PBXFileReference; lastKnownFileType = file.storyboard; name = Base; path = Base.lproj/Main.storyboard; sourceTree = "<group>"; };
		A73045632033868D00DB15DE /* Info.plist */ = {isa = PBXFileReference; lastKnownFileType = text.plist.xml; path = Info.plist; sourceTree = "<group>"; };
		A73045642033868D00DB15DE /* Waventasy.entitlements */ = {isa = PBXFileReference; lastKnownFileType = text.plist.entitlements; path = Waventasy.entitlements; sourceTree = "<group>"; };
		A730456E2033A5DE00DB15DE /* Harmonic.swift */ = {isa = PBXFileReference; lastKnownFileType = sourcecode.swift; path = Harmonic.swift; sourceTree = "<group>"; };
		A751C456203B43B800AF8F50 /* ConstantNode.swift */ = {isa = PBXFileReference; lastKnownFileType = sourcecode.swift; path = ConstantNode.swift; sourceTree = "<group>"; };
		A758CB73203C75AF00DC69AA /* Logger.swift */ = {isa = PBXFileReference; lastKnownFileType = sourcecode.swift; path = Logger.swift; sourceTree = "<group>"; };
		A758CB75203C786C00DC69AA /* Enum+Utility.swift */ = {isa = PBXFileReference; lastKnownFileType = sourcecode.swift; path = "Enum+Utility.swift"; sourceTree = "<group>"; };
		A75C9DD720362982001B34F6 /* SoundBoardViewController.swift */ = {isa = PBXFileReference; lastKnownFileType = sourcecode.swift; path = SoundBoardViewController.swift; sourceTree = "<group>"; };
		A77063B8203B51A8009B146C /* SoundBuilder.swift */ = {isa = PBXFileReference; lastKnownFileType = sourcecode.swift; path = SoundBuilder.swift; sourceTree = "<group>"; };
		A7B27C5D2034D0000053780B /* SoundPlayer.swift */ = {isa = PBXFileReference; lastKnownFileType = sourcecode.swift; path = SoundPlayer.swift; sourceTree = "<group>"; };
		A7C4FF04203766940011816A /* SoundBoardWindowController.swift */ = {isa = PBXFileReference; lastKnownFileType = sourcecode.swift; path = SoundBoardWindowController.swift; sourceTree = "<group>"; };
		A7C4FF0720377DF60011816A /* SoundNodeView.xib */ = {isa = PBXFileReference; lastKnownFileType = file.xib; path = SoundNodeView.xib; sourceTree = "<group>"; };
		A7C4FF0920377E100011816A /* SoundNodeView.swift */ = {isa = PBXFileReference; lastKnownFileType = sourcecode.swift; path = SoundNodeView.swift; sourceTree = "<group>"; };
		A7D7F5EA203B5A3E006CAFF5 /* SoundGraphEdge.swift */ = {isa = PBXFileReference; lastKnownFileType = sourcecode.swift; path = SoundGraphEdge.swift; sourceTree = "<group>"; };
		A7D7F5EC203B5ACF006CAFF5 /* SoundGraph.swift */ = {isa = PBXFileReference; lastKnownFileType = sourcecode.swift; path = SoundGraph.swift; sourceTree = "<group>"; };
/* End PBXFileReference section */

/* Begin PBXFrameworksBuildPhase section */
		A73045542033868D00DB15DE /* Frameworks */ = {
			isa = PBXFrameworksBuildPhase;
			buildActionMask = 2147483647;
			files = (
				A11A6ADF5754E8360AF617CF /* Pods_Waventasy.framework in Frameworks */,
			);
			runOnlyForDeploymentPostprocessing = 0;
		};
/* End PBXFrameworksBuildPhase section */

/* Begin PBXGroup section */
		57F2EC9C46AEBC942FAF6587 /* Pods */ = {
			isa = PBXGroup;
			children = (
				1D830755041ACFA6FE38E718 /* Pods-Waventasy.debug.xcconfig */,
				6D8ABFD73382CE2CA8034B49 /* Pods-Waventasy.release.xcconfig */,
			);
			name = Pods;
			sourceTree = "<group>";
		};
		9BC295278DE0711117B1D309 /* Frameworks */ = {
			isa = PBXGroup;
			children = (
				87C21329FD51F9AA38A8FDE2 /* Pods_Waventasy.framework */,
			);
			name = Frameworks;
			sourceTree = "<group>";
		};
		A726C814203863D900DECE67 /* Collection */ = {
			isa = PBXGroup;
			children = (
				A726C815203863F500DECE67 /* SoundBoardCollectionLayout.swift */,
			);
			path = Collection;
			sourceTree = "<group>";
		};
		A726C81B20387A1D00DECE67 /* Node */ = {
			isa = PBXGroup;
			children = (
				A726C81C20387A3000DECE67 /* SoundNode.swift */,
				A72D75442039BE5A00D60CB0 /* SoundNodeSlot.swift */,
				A72D7558203A1A5F00D60CB0 /* SoundNodeSlotInput.swift */,
				A72D755A203A1A6F00D60CB0 /* SoundNodeSlotOutput.swift */,
				A72D75422039BDFA00D60CB0 /* FrequencyNode.swift */,
				A72D755C203A5BF000D60CB0 /* HarmonicNode.swift */,
				A751C456203B43B800AF8F50 /* ConstantNode.swift */,
				A72D75462039C04100D60CB0 /* SoundLink.swift */,
			);
			path = Node;
			sourceTree = "<group>";
		};
		A726C81E2038909400DECE67 /* Utility */ = {
			isa = PBXGroup;
			children = (
				A758CB72203C757B00DC69AA /* Logger */,
				A726C81F203890AA00DECE67 /* CGPoint+Operators.swift */,
				A72D752D2038A76000D60CB0 /* FlippedClipView.swift */,
				A72D753320392A1100D60CB0 /* NSColor+Hex.swift */,
				A72D754D2039C23800D60CB0 /* NSView+NibLoading.swift */,
				A758CB75203C786C00DC69AA /* Enum+Utility.swift */,
			);
			path = Utility;
			sourceTree = "<group>";
		};
		A72D753520399B6E00D60CB0 /* Board */ = {
			isa = PBXGroup;
			children = (
				A72D753620399BAB00D60CB0 /* BoardView.swift */,
				A72D753820399BE000D60CB0 /* BoardDataSource.swift */,
				A72D753E2039A0BA00D60CB0 /* BoardDelegate.swift */,
				A72D753C2039A04A00D60CB0 /* BoardItemView.swift */,
				A72D753A20399C9500D60CB0 /* BoardTypes.swift */,
			);
			path = Board;
			sourceTree = "<group>";
		};
		A72D75482039C14D00D60CB0 /* Slot */ = {
			isa = PBXGroup;
			children = (
				A72D754F2039C9D400D60CB0 /* Link */,
				A72D7554203A197900D60CB0 /* SoundNodeSlotInputView.swift */,
				A72D7556203A198F00D60CB0 /* SoundNodeSlotOutputView.swift */,
				A72D7562203B13FA00D60CB0 /* SoundNodeSlotDelegate.swift */,
			);
			path = Slot;
			sourceTree = "<group>";
		};
		A72D754F2039C9D400D60CB0 /* Link */ = {
			isa = PBXGroup;
			children = (
				A72D75502039C9E600D60CB0 /* SoundNodeLinkImage.swift */,
				A72D7560203B0D0100D60CB0 /* SoundLinkView.swift */,
			);
			path = Link;
			sourceTree = "<group>";
		};
		A730454E2033868D00DB15DE = {
			isa = PBXGroup;
			children = (
				A73045592033868D00DB15DE /* Waventasy */,
				A73045582033868D00DB15DE /* Products */,
				57F2EC9C46AEBC942FAF6587 /* Pods */,
				9BC295278DE0711117B1D309 /* Frameworks */,
			);
			sourceTree = "<group>";
		};
		A73045582033868D00DB15DE /* Products */ = {
			isa = PBXGroup;
			children = (
				A73045572033868D00DB15DE /* Waventasy.app */,
			);
			name = Products;
			sourceTree = "<group>";
		};
		A73045592033868D00DB15DE /* Waventasy */ = {
			isa = PBXGroup;
			children = (
				A726C81E2038909400DECE67 /* Utility */,
				A75C9DD520362931001B34F6 /* Controller */,
				A730456C2033A51A00DB15DE /* Sound */,
				A730455A2033868D00DB15DE /* AppDelegate.swift */,
				A730455C2033868D00DB15DE /* WavesViewController.swift */,
				A730455E2033868D00DB15DE /* Assets.xcassets */,
				A73045602033868D00DB15DE /* Main.storyboard */,
				A73045632033868D00DB15DE /* Info.plist */,
				A73045642033868D00DB15DE /* Waventasy.entitlements */,
			);
			path = Waventasy;
			sourceTree = "<group>";
		};
		A730456C2033A51A00DB15DE /* Sound */ = {
			isa = PBXGroup;
			children = (
				A77063B7203B5101009B146C /* Player */,
				A726C81B20387A1D00DECE67 /* Node */,
				A7B27C5C2034CFF10053780B /* Builder */,
				A730456D2033A52C00DB15DE /* Wave */,
				A72D75402039AC0100D60CB0 /* SoundBoardItemType.swift */,
			);
			path = Sound;
			sourceTree = "<group>";
		};
		A730456D2033A52C00DB15DE /* Wave */ = {
			isa = PBXGroup;
			children = (
				A730456E2033A5DE00DB15DE /* Harmonic.swift */,
			);
			path = Wave;
			sourceTree = "<group>";
		};
		A758CB72203C757B00DC69AA /* Logger */ = {
			isa = PBXGroup;
			children = (
				A758CB73203C75AF00DC69AA /* Logger.swift */,
			);
			path = Logger;
			sourceTree = "<group>";
		};
		A75C9DD520362931001B34F6 /* Controller */ = {
			isa = PBXGroup;
			children = (
				A75C9DD620362942001B34F6 /* SoundBoard */,
			);
			path = Controller;
			sourceTree = "<group>";
		};
		A75C9DD620362942001B34F6 /* SoundBoard */ = {
			isa = PBXGroup;
			children = (
				A72D753520399B6E00D60CB0 /* Board */,
				A726C814203863D900DECE67 /* Collection */,
				A7C4FF0620377DD40011816A /* SoundNode */,
				A75C9DD720362982001B34F6 /* SoundBoardViewController.swift */,
				A7155BDB203645BA00E9B4A7 /* SoundBoardScrollView.swift */,
				A7C4FF04203766940011816A /* SoundBoardWindowController.swift */,
			);
			path = SoundBoard;
			sourceTree = "<group>";
		};
		A77063B7203B5101009B146C /* Player */ = {
			isa = PBXGroup;
			children = (
				A7B27C5D2034D0000053780B /* SoundPlayer.swift */,
			);
			path = Player;
			sourceTree = "<group>";
		};
		A7B27C5C2034CFF10053780B /* Builder */ = {
			isa = PBXGroup;
			children = (
				A77063B8203B51A8009B146C /* SoundBuilder.swift */,
				A7D7F5EA203B5A3E006CAFF5 /* SoundGraphEdge.swift */,
				A7D7F5EC203B5ACF006CAFF5 /* SoundGraph.swift */,
			);
			path = Builder;
			sourceTree = "<group>";
		};
		A7C4FF0620377DD40011816A /* SoundNode */ = {
			isa = PBXGroup;
			children = (
				A72D75482039C14D00D60CB0 /* Slot */,
				A7C4FF0720377DF60011816A /* SoundNodeView.xib */,
				A7C4FF0920377E100011816A /* SoundNodeView.swift */,
				A726C817203865B000DECE67 /* SoundNodeCollectionViewItem.swift */,
				A726C818203865B000DECE67 /* SoundNodeCollectionViewItem.xib */,
				A72D752F2039216D00D60CB0 /* SoundNodeDrawing.swift */,
				A72D75522039E2EB00D60CB0 /* SoundNodeAssetImages.swift */,
			);
			path = SoundNode;
			sourceTree = "<group>";
		};
/* End PBXGroup section */

/* Begin PBXNativeTarget section */
		A73045562033868D00DB15DE /* Waventasy */ = {
			isa = PBXNativeTarget;
			buildConfigurationList = A73045672033868D00DB15DE /* Build configuration list for PBXNativeTarget "Waventasy" */;
			buildPhases = (
				6E0E971A51AFB5C2FA9198DC /* [CP] Check Pods Manifest.lock */,
				A73045532033868D00DB15DE /* Sources */,
				A73045542033868D00DB15DE /* Frameworks */,
				A73045552033868D00DB15DE /* Resources */,
				A3AA9399574B25D06CBFFBDD /* [CP] Embed Pods Frameworks */,
				1C5D1DD657493D4C2B59BDEA /* [CP] Copy Pods Resources */,
			);
			buildRules = (
			);
			dependencies = (
			);
			name = Waventasy;
			productName = Waventasy;
			productReference = A73045572033868D00DB15DE /* Waventasy.app */;
			productType = "com.apple.product-type.application";
		};
/* End PBXNativeTarget section */

/* Begin PBXProject section */
		A730454F2033868D00DB15DE /* Project object */ = {
			isa = PBXProject;
			attributes = {
				LastSwiftUpdateCheck = 0920;
				LastUpgradeCheck = 0920;
				ORGANIZATIONNAME = "Leonardo Ascione";
				TargetAttributes = {
					A73045562033868D00DB15DE = {
						CreatedOnToolsVersion = 9.2;
						ProvisioningStyle = Automatic;
						SystemCapabilities = {
							com.apple.Sandbox = {
								enabled = 0;
							};
						};
					};
				};
			};
			buildConfigurationList = A73045522033868D00DB15DE /* Build configuration list for PBXProject "Waventasy" */;
			compatibilityVersion = "Xcode 8.0";
			developmentRegion = en;
			hasScannedForEncodings = 0;
			knownRegions = (
				en,
				Base,
			);
			mainGroup = A730454E2033868D00DB15DE;
			productRefGroup = A73045582033868D00DB15DE /* Products */;
			projectDirPath = "";
			projectRoot = "";
			targets = (
				A73045562033868D00DB15DE /* Waventasy */,
			);
		};
/* End PBXProject section */

/* Begin PBXResourcesBuildPhase section */
		A73045552033868D00DB15DE /* Resources */ = {
			isa = PBXResourcesBuildPhase;
			buildActionMask = 2147483647;
			files = (
				A7C4FF0820377DF60011816A /* SoundNodeView.xib in Resources */,
				A726C81A203865B000DECE67 /* SoundNodeCollectionViewItem.xib in Resources */,
				A730455F2033868D00DB15DE /* Assets.xcassets in Resources */,
				A73045622033868D00DB15DE /* Main.storyboard in Resources */,
			);
			runOnlyForDeploymentPostprocessing = 0;
		};
/* End PBXResourcesBuildPhase section */

/* Begin PBXShellScriptBuildPhase section */
		1C5D1DD657493D4C2B59BDEA /* [CP] Copy Pods Resources */ = {
			isa = PBXShellScriptBuildPhase;
			buildActionMask = 2147483647;
			files = (
			);
			inputPaths = (
			);
			name = "[CP] Copy Pods Resources";
			outputPaths = (
			);
			runOnlyForDeploymentPostprocessing = 0;
			shellPath = /bin/sh;
			shellScript = "\"${SRCROOT}/Pods/Target Support Files/Pods-Waventasy/Pods-Waventasy-resources.sh\"\n";
			showEnvVarsInLog = 0;
		};
		6E0E971A51AFB5C2FA9198DC /* [CP] Check Pods Manifest.lock */ = {
			isa = PBXShellScriptBuildPhase;
			buildActionMask = 2147483647;
			files = (
			);
			inputPaths = (
				"${PODS_PODFILE_DIR_PATH}/Podfile.lock",
				"${PODS_ROOT}/Manifest.lock",
			);
			name = "[CP] Check Pods Manifest.lock";
			outputPaths = (
				"$(DERIVED_FILE_DIR)/Pods-Waventasy-checkManifestLockResult.txt",
			);
			runOnlyForDeploymentPostprocessing = 0;
			shellPath = /bin/sh;
			shellScript = "diff \"${PODS_PODFILE_DIR_PATH}/Podfile.lock\" \"${PODS_ROOT}/Manifest.lock\" > /dev/null\nif [ $? != 0 ] ; then\n    # print error to STDERR\n    echo \"error: The sandbox is not in sync with the Podfile.lock. Run 'pod install' or update your CocoaPods installation.\" >&2\n    exit 1\nfi\n# This output is used by Xcode 'outputs' to avoid re-running this script phase.\necho \"SUCCESS\" > \"${SCRIPT_OUTPUT_FILE_0}\"\n";
			showEnvVarsInLog = 0;
		};
		A3AA9399574B25D06CBFFBDD /* [CP] Embed Pods Frameworks */ = {
			isa = PBXShellScriptBuildPhase;
			buildActionMask = 2147483647;
			files = (
			);
			inputPaths = (
				"${SRCROOT}/Pods/Target Support Files/Pods-Waventasy/Pods-Waventasy-frameworks.sh",
				"${PODS_ROOT}/AudioKit/macOS/AudioKit.framework",
				"${PODS_ROOT}/AudioKit/macOS/AudioKitUI.framework",
				"${BUILT_PRODUCTS_DIR}/SwiftGraph/SwiftGraph.framework",
			);
			name = "[CP] Embed Pods Frameworks";
			outputPaths = (
				"${TARGET_BUILD_DIR}/${FRAMEWORKS_FOLDER_PATH}/AudioKit.framework",
				"${TARGET_BUILD_DIR}/${FRAMEWORKS_FOLDER_PATH}/AudioKitUI.framework",
				"${TARGET_BUILD_DIR}/${FRAMEWORKS_FOLDER_PATH}/SwiftGraph.framework",
			);
			runOnlyForDeploymentPostprocessing = 0;
			shellPath = /bin/sh;
			shellScript = "\"${SRCROOT}/Pods/Target Support Files/Pods-Waventasy/Pods-Waventasy-frameworks.sh\"\n";
			showEnvVarsInLog = 0;
		};
/* End PBXShellScriptBuildPhase section */

/* Begin PBXSourcesBuildPhase section */
		A73045532033868D00DB15DE /* Sources */ = {
			isa = PBXSourcesBuildPhase;
			buildActionMask = 2147483647;
			files = (
				A7C4FF0A20377E100011816A /* SoundNodeView.swift in Sources */,
				A72D753420392A1100D60CB0 /* NSColor+Hex.swift in Sources */,
				A730456F2033A5DE00DB15DE /* Harmonic.swift in Sources */,
				A72D753D2039A04A00D60CB0 /* BoardItemView.swift in Sources */,
				A7C4FF05203766940011816A /* SoundBoardWindowController.swift in Sources */,
				A72D7561203B0D0100D60CB0 /* SoundLinkView.swift in Sources */,
				A72D753B20399C9500D60CB0 /* BoardTypes.swift in Sources */,
				A72D754E2039C23800D60CB0 /* NSView+NibLoading.swift in Sources */,
				A72D75412039AC0100D60CB0 /* SoundBoardItemType.swift in Sources */,
				A77063B9203B51A8009B146C /* SoundBuilder.swift in Sources */,
				A726C819203865B000DECE67 /* SoundNodeCollectionViewItem.swift in Sources */,
				A72D75532039E2EB00D60CB0 /* SoundNodeAssetImages.swift in Sources */,
				A72D75452039BE5A00D60CB0 /* SoundNodeSlot.swift in Sources */,
				A72D75432039BDFA00D60CB0 /* FrequencyNode.swift in Sources */,
				A72D7557203A198F00D60CB0 /* SoundNodeSlotOutputView.swift in Sources */,
				A726C820203890AA00DECE67 /* CGPoint+Operators.swift in Sources */,
				A7B27C5E2034D0000053780B /* SoundPlayer.swift in Sources */,
				A758CB76203C786C00DC69AA /* Enum+Utility.swift in Sources */,
				A72D75472039C04100D60CB0 /* SoundLink.swift in Sources */,
				A726C816203863F500DECE67 /* SoundBoardCollectionLayout.swift in Sources */,
				A72D7563203B13FA00D60CB0 /* SoundNodeSlotDelegate.swift in Sources */,
				A72D753920399BE000D60CB0 /* BoardDataSource.swift in Sources */,
				A726C81D20387A3000DECE67 /* SoundNode.swift in Sources */,
				A758CB74203C75AF00DC69AA /* Logger.swift in Sources */,
				A7D7F5ED203B5ACF006CAFF5 /* SoundGraph.swift in Sources */,
				A72D7559203A1A5F00D60CB0 /* SoundNodeSlotInput.swift in Sources */,
				A72D755D203A5BF000D60CB0 /* HarmonicNode.swift in Sources */,
				A751C457203B43B800AF8F50 /* ConstantNode.swift in Sources */,
				A72D752E2038A76000D60CB0 /* FlippedClipView.swift in Sources */,
				A7D7F5EB203B5A3E006CAFF5 /* SoundGraphEdge.swift in Sources */,
				A72D755B203A1A6F00D60CB0 /* SoundNodeSlotOutput.swift in Sources */,
				A730455D2033868D00DB15DE /* WavesViewController.swift in Sources */,
				A75C9DD820362982001B34F6 /* SoundBoardViewController.swift in Sources */,
				A7155BDC203645BA00E9B4A7 /* SoundBoardScrollView.swift in Sources */,
				A72D7555203A197900D60CB0 /* SoundNodeSlotInputView.swift in Sources */,
				A72D753720399BAB00D60CB0 /* BoardView.swift in Sources */,
				A72D753F2039A0BA00D60CB0 /* BoardDelegate.swift in Sources */,
				A72D75512039C9E600D60CB0 /* SoundNodeLinkImage.swift in Sources */,
				A72D75302039216D00D60CB0 /* SoundNodeDrawing.swift in Sources */,
				A730455B2033868D00DB15DE /* AppDelegate.swift in Sources */,
			);
			runOnlyForDeploymentPostprocessing = 0;
		};
/* End PBXSourcesBuildPhase section */

/* Begin PBXVariantGroup section */
		A73045602033868D00DB15DE /* Main.storyboard */ = {
			isa = PBXVariantGroup;
			children = (
				A73045612033868D00DB15DE /* Base */,
			);
			name = Main.storyboard;
			sourceTree = "<group>";
		};
/* End PBXVariantGroup section */

/* Begin XCBuildConfiguration section */
		A73045652033868D00DB15DE /* Debug */ = {
			isa = XCBuildConfiguration;
			buildSettings = {
				ALWAYS_SEARCH_USER_PATHS = NO;
				CLANG_ANALYZER_NONNULL = YES;
				CLANG_ANALYZER_NUMBER_OBJECT_CONVERSION = YES_AGGRESSIVE;
				CLANG_CXX_LANGUAGE_STANDARD = "gnu++14";
				CLANG_CXX_LIBRARY = "libc++";
				CLANG_ENABLE_MODULES = YES;
				CLANG_ENABLE_OBJC_ARC = YES;
				CLANG_WARN_BLOCK_CAPTURE_AUTORELEASING = YES;
				CLANG_WARN_BOOL_CONVERSION = YES;
				CLANG_WARN_COMMA = YES;
				CLANG_WARN_CONSTANT_CONVERSION = YES;
				CLANG_WARN_DIRECT_OBJC_ISA_USAGE = YES_ERROR;
				CLANG_WARN_DOCUMENTATION_COMMENTS = YES;
				CLANG_WARN_EMPTY_BODY = YES;
				CLANG_WARN_ENUM_CONVERSION = YES;
				CLANG_WARN_INFINITE_RECURSION = YES;
				CLANG_WARN_INT_CONVERSION = YES;
				CLANG_WARN_NON_LITERAL_NULL_CONVERSION = YES;
				CLANG_WARN_OBJC_LITERAL_CONVERSION = YES;
				CLANG_WARN_OBJC_ROOT_CLASS = YES_ERROR;
				CLANG_WARN_RANGE_LOOP_ANALYSIS = YES;
				CLANG_WARN_STRICT_PROTOTYPES = YES;
				CLANG_WARN_SUSPICIOUS_MOVE = YES;
				CLANG_WARN_UNGUARDED_AVAILABILITY = YES_AGGRESSIVE;
				CLANG_WARN_UNREACHABLE_CODE = YES;
				CLANG_WARN__DUPLICATE_METHOD_MATCH = YES;
				CODE_SIGN_IDENTITY = "Mac Developer";
				COPY_PHASE_STRIP = NO;
				DEBUG_INFORMATION_FORMAT = dwarf;
				ENABLE_STRICT_OBJC_MSGSEND = YES;
				ENABLE_TESTABILITY = YES;
				GCC_C_LANGUAGE_STANDARD = gnu11;
				GCC_DYNAMIC_NO_PIC = NO;
				GCC_NO_COMMON_BLOCKS = YES;
				GCC_OPTIMIZATION_LEVEL = 0;
				GCC_PREPROCESSOR_DEFINITIONS = (
					"DEBUG=1",
					"$(inherited)",
				);
				GCC_WARN_64_TO_32_BIT_CONVERSION = YES;
				GCC_WARN_ABOUT_RETURN_TYPE = YES_ERROR;
				GCC_WARN_UNDECLARED_SELECTOR = YES;
				GCC_WARN_UNINITIALIZED_AUTOS = YES_AGGRESSIVE;
				GCC_WARN_UNUSED_FUNCTION = YES;
				GCC_WARN_UNUSED_VARIABLE = YES;
				MACOSX_DEPLOYMENT_TARGET = 10.12;
				MTL_ENABLE_DEBUG_INFO = YES;
				ONLY_ACTIVE_ARCH = YES;
				SDKROOT = macosx;
				SWIFT_ACTIVE_COMPILATION_CONDITIONS = DEBUG;
				SWIFT_OPTIMIZATION_LEVEL = "-Onone";
			};
			name = Debug;
		};
		A73045662033868D00DB15DE /* Release */ = {
			isa = XCBuildConfiguration;
			buildSettings = {
				ALWAYS_SEARCH_USER_PATHS = NO;
				CLANG_ANALYZER_NONNULL = YES;
				CLANG_ANALYZER_NUMBER_OBJECT_CONVERSION = YES_AGGRESSIVE;
				CLANG_CXX_LANGUAGE_STANDARD = "gnu++14";
				CLANG_CXX_LIBRARY = "libc++";
				CLANG_ENABLE_MODULES = YES;
				CLANG_ENABLE_OBJC_ARC = YES;
				CLANG_WARN_BLOCK_CAPTURE_AUTORELEASING = YES;
				CLANG_WARN_BOOL_CONVERSION = YES;
				CLANG_WARN_COMMA = YES;
				CLANG_WARN_CONSTANT_CONVERSION = YES;
				CLANG_WARN_DIRECT_OBJC_ISA_USAGE = YES_ERROR;
				CLANG_WARN_DOCUMENTATION_COMMENTS = YES;
				CLANG_WARN_EMPTY_BODY = YES;
				CLANG_WARN_ENUM_CONVERSION = YES;
				CLANG_WARN_INFINITE_RECURSION = YES;
				CLANG_WARN_INT_CONVERSION = YES;
				CLANG_WARN_NON_LITERAL_NULL_CONVERSION = YES;
				CLANG_WARN_OBJC_LITERAL_CONVERSION = YES;
				CLANG_WARN_OBJC_ROOT_CLASS = YES_ERROR;
				CLANG_WARN_RANGE_LOOP_ANALYSIS = YES;
				CLANG_WARN_STRICT_PROTOTYPES = YES;
				CLANG_WARN_SUSPICIOUS_MOVE = YES;
				CLANG_WARN_UNGUARDED_AVAILABILITY = YES_AGGRESSIVE;
				CLANG_WARN_UNREACHABLE_CODE = YES;
				CLANG_WARN__DUPLICATE_METHOD_MATCH = YES;
				CODE_SIGN_IDENTITY = "Mac Developer";
				COPY_PHASE_STRIP = NO;
				DEBUG_INFORMATION_FORMAT = "dwarf-with-dsym";
				ENABLE_NS_ASSERTIONS = NO;
				ENABLE_STRICT_OBJC_MSGSEND = YES;
				GCC_C_LANGUAGE_STANDARD = gnu11;
				GCC_NO_COMMON_BLOCKS = YES;
				GCC_WARN_64_TO_32_BIT_CONVERSION = YES;
				GCC_WARN_ABOUT_RETURN_TYPE = YES_ERROR;
				GCC_WARN_UNDECLARED_SELECTOR = YES;
				GCC_WARN_UNINITIALIZED_AUTOS = YES_AGGRESSIVE;
				GCC_WARN_UNUSED_FUNCTION = YES;
				GCC_WARN_UNUSED_VARIABLE = YES;
				MACOSX_DEPLOYMENT_TARGET = 10.12;
				MTL_ENABLE_DEBUG_INFO = NO;
				SDKROOT = macosx;
				SWIFT_OPTIMIZATION_LEVEL = "-Owholemodule";
			};
			name = Release;
		};
		A73045682033868D00DB15DE /* Debug */ = {
			isa = XCBuildConfiguration;
			baseConfigurationReference = 1D830755041ACFA6FE38E718 /* Pods-Waventasy.debug.xcconfig */;
			buildSettings = {
				ASSETCATALOG_COMPILER_APPICON_NAME = AppIcon;
				CODE_SIGN_IDENTITY = "Mac Developer";
				CODE_SIGN_STYLE = Automatic;
				COMBINE_HIDPI_IMAGES = NO;
				DEVELOPMENT_TEAM = UG9F7JGZ3C;
				INFOPLIST_FILE = Waventasy/Info.plist;
				LD_RUNPATH_SEARCH_PATHS = "$(inherited) @executable_path/../Frameworks @loader_path/../Frameworks";
				PRODUCT_BUNDLE_IDENTIFIER = com.leonardfactory.Waventasy;
				PRODUCT_NAME = "$(TARGET_NAME)";
				PROVISIONING_PROFILE_SPECIFIER = "";
				SWIFT_VERSION = 4.0;
			};
			name = Debug;
		};
		A73045692033868D00DB15DE /* Release */ = {
			isa = XCBuildConfiguration;
			baseConfigurationReference = 6D8ABFD73382CE2CA8034B49 /* Pods-Waventasy.release.xcconfig */;
			buildSettings = {
				ASSETCATALOG_COMPILER_APPICON_NAME = AppIcon;
				CODE_SIGN_IDENTITY = "Mac Developer";
				CODE_SIGN_STYLE = Automatic;
				COMBINE_HIDPI_IMAGES = NO;
				DEVELOPMENT_TEAM = UG9F7JGZ3C;
				INFOPLIST_FILE = Waventasy/Info.plist;
				LD_RUNPATH_SEARCH_PATHS = "$(inherited) @executable_path/../Frameworks @loader_path/../Frameworks";
				PRODUCT_BUNDLE_IDENTIFIER = com.leonardfactory.Waventasy;
				PRODUCT_NAME = "$(TARGET_NAME)";
				PROVISIONING_PROFILE_SPECIFIER = "";
				SWIFT_VERSION = 4.0;
			};
			name = Release;
		};
/* End XCBuildConfiguration section */

/* Begin XCConfigurationList section */
		A73045522033868D00DB15DE /* Build configuration list for PBXProject "Waventasy" */ = {
			isa = XCConfigurationList;
			buildConfigurations = (
				A73045652033868D00DB15DE /* Debug */,
				A73045662033868D00DB15DE /* Release */,
			);
			defaultConfigurationIsVisible = 0;
			defaultConfigurationName = Release;
		};
		A73045672033868D00DB15DE /* Build configuration list for PBXNativeTarget "Waventasy" */ = {
			isa = XCConfigurationList;
			buildConfigurations = (
				A73045682033868D00DB15DE /* Debug */,
				A73045692033868D00DB15DE /* Release */,
			);
			defaultConfigurationIsVisible = 0;
			defaultConfigurationName = Release;
		};
/* End XCConfigurationList section */
	};
	rootObject = A730454F2033868D00DB15DE /* Project object */;
}
