// !$*UTF8*$!
{
	archiveVersion = 1;
	classes = {
	};
	objectVersion = 48;
	objects = {

/* Begin PBXBuildFile section */
		A11A6ADF5754E8360AF617CF /* Pods_Waventasy.framework in Frameworks */ = {isa = PBXBuildFile; fileRef = 87C21329FD51F9AA38A8FDE2 /* Pods_Waventasy.framework */; };
		A7155BDC203645BA00E9B4A7 /* BoardScrollView.swift in Sources */ = {isa = PBXBuildFile; fileRef = A7155BDB203645BA00E9B4A7 /* BoardScrollView.swift */; };
		A726C820203890AA00DECE67 /* CGPoint+Operators.swift in Sources */ = {isa = PBXBuildFile; fileRef = A726C81F203890AA00DECE67 /* CGPoint+Operators.swift */; };
		A72D752E2038A76000D60CB0 /* FlippedClipView.swift in Sources */ = {isa = PBXBuildFile; fileRef = A72D752D2038A76000D60CB0 /* FlippedClipView.swift */; };
		A72D75302039216D00D60CB0 /* NodeDrawing.swift in Sources */ = {isa = PBXBuildFile; fileRef = A72D752F2039216D00D60CB0 /* NodeDrawing.swift */; };
		A72D753420392A1100D60CB0 /* NSColor+Hex.swift in Sources */ = {isa = PBXBuildFile; fileRef = A72D753320392A1100D60CB0 /* NSColor+Hex.swift */; };
		A72D753720399BAB00D60CB0 /* BoardView.swift in Sources */ = {isa = PBXBuildFile; fileRef = A72D753620399BAB00D60CB0 /* BoardView.swift */; };
		A72D753920399BE000D60CB0 /* BoardDataSource.swift in Sources */ = {isa = PBXBuildFile; fileRef = A72D753820399BE000D60CB0 /* BoardDataSource.swift */; };
		A72D753F2039A0BA00D60CB0 /* BoardDelegate.swift in Sources */ = {isa = PBXBuildFile; fileRef = A72D753E2039A0BA00D60CB0 /* BoardDelegate.swift */; };
		A72D754E2039C23800D60CB0 /* NSView+NibLoading.swift in Sources */ = {isa = PBXBuildFile; fileRef = A72D754D2039C23800D60CB0 /* NSView+NibLoading.swift */; };
		A72D75512039C9E600D60CB0 /* LinkImage.swift in Sources */ = {isa = PBXBuildFile; fileRef = A72D75502039C9E600D60CB0 /* LinkImage.swift */; };
		A72D75532039E2EB00D60CB0 /* NodeAssetImages.swift in Sources */ = {isa = PBXBuildFile; fileRef = A72D75522039E2EB00D60CB0 /* NodeAssetImages.swift */; };
		A72D7561203B0D0100D60CB0 /* LinkView.swift in Sources */ = {isa = PBXBuildFile; fileRef = A72D7560203B0D0100D60CB0 /* LinkView.swift */; };
		A730455B2033868D00DB15DE /* AppDelegate.swift in Sources */ = {isa = PBXBuildFile; fileRef = A730455A2033868D00DB15DE /* AppDelegate.swift */; };
		A730455F2033868D00DB15DE /* Assets.xcassets in Resources */ = {isa = PBXBuildFile; fileRef = A730455E2033868D00DB15DE /* Assets.xcassets */; };
		A73045622033868D00DB15DE /* Main.storyboard in Resources */ = {isa = PBXBuildFile; fileRef = A73045602033868D00DB15DE /* Main.storyboard */; };
		A74708E3203CECFA0013FF02 /* Link.swift in Sources */ = {isa = PBXBuildFile; fileRef = A74708C8203CDD6E0013FF02 /* Link.swift */; };
		A74708E4203CED3B0013FF02 /* Value.swift in Sources */ = {isa = PBXBuildFile; fileRef = A758CB94203C93B700DC69AA /* Value.swift */; };
		A74708E5203CED480013FF02 /* Property.swift in Sources */ = {isa = PBXBuildFile; fileRef = A758CB8E203C8FA600DC69AA /* Property.swift */; };
		A74708E6203CED4C0013FF02 /* Input.swift in Sources */ = {isa = PBXBuildFile; fileRef = A758CB90203C916700DC69AA /* Input.swift */; };
		A74708E7203CED510013FF02 /* Output.swift in Sources */ = {isa = PBXBuildFile; fileRef = A758CB96203C985100DC69AA /* Output.swift */; };
		A74708E8203CED590013FF02 /* Node.swift in Sources */ = {isa = PBXBuildFile; fileRef = A758CB8A203C8D0200DC69AA /* Node.swift */; };
		A74708E9203CED5D0013FF02 /* FrequencyNode.swift in Sources */ = {isa = PBXBuildFile; fileRef = A74708C2203C9A4B0013FF02 /* FrequencyNode.swift */; };
		A74708EA203CED640013FF02 /* HarmonicNode.swift in Sources */ = {isa = PBXBuildFile; fileRef = A74708C5203CDC750013FF02 /* HarmonicNode.swift */; };
		A74708EB203CED670013FF02 /* ConstantNode.swift in Sources */ = {isa = PBXBuildFile; fileRef = A74708CA203CDE780013FF02 /* ConstantNode.swift */; };
		A74708EC203CEDD10013FF02 /* InputView.swift in Sources */ = {isa = PBXBuildFile; fileRef = A74708D9203CE29E0013FF02 /* InputView.swift */; };
		A74708ED203CEDD80013FF02 /* OutputView.swift in Sources */ = {isa = PBXBuildFile; fileRef = A74708DB203CE2A80013FF02 /* OutputView.swift */; };
		A74708EE203CEDDC0013FF02 /* PropertyViewDelegate.swift in Sources */ = {isa = PBXBuildFile; fileRef = A74708DD203CE2E10013FF02 /* PropertyViewDelegate.swift */; };
		A74708EF203CEDE00013FF02 /* NodeView.swift in Sources */ = {isa = PBXBuildFile; fileRef = A74708D5203CE1A20013FF02 /* NodeView.swift */; };
		A74708F0203CEDE50013FF02 /* BoardItem.swift in Sources */ = {isa = PBXBuildFile; fileRef = A74708CF203CDF6A0013FF02 /* BoardItem.swift */; };
		A74708F1203CEDEA0013FF02 /* BoardItemType.swift in Sources */ = {isa = PBXBuildFile; fileRef = A74708D1203CDF8C0013FF02 /* BoardItemType.swift */; };
		A74708F2203CEDEE0013FF02 /* BoardItemView.swift in Sources */ = {isa = PBXBuildFile; fileRef = A74708D7203CE2350013FF02 /* BoardItemView.swift */; };
		A74708F8203D90700013FF02 /* BoardView+LinkDelegate.swift in Sources */ = {isa = PBXBuildFile; fileRef = A74708F7203D90700013FF02 /* BoardView+LinkDelegate.swift */; };
		A74708FA203D907D0013FF02 /* BoardView+NodeDelegate.swift in Sources */ = {isa = PBXBuildFile; fileRef = A74708F9203D907D0013FF02 /* BoardView+NodeDelegate.swift */; };
		A74708FD203DAFA40013FF02 /* ResolveContext.swift in Sources */ = {isa = PBXBuildFile; fileRef = A74708FC203DAFA40013FF02 /* ResolveContext.swift */; };
		A758CB74203C75AF00DC69AA /* Logger.swift in Sources */ = {isa = PBXBuildFile; fileRef = A758CB73203C75AF00DC69AA /* Logger.swift */; };
		A758CB76203C786C00DC69AA /* Enum+Utility.swift in Sources */ = {isa = PBXBuildFile; fileRef = A758CB75203C786C00DC69AA /* Enum+Utility.swift */; };
		A75C9DD820362982001B34F6 /* SoundBoardViewController.swift in Sources */ = {isa = PBXBuildFile; fileRef = A75C9DD720362982001B34F6 /* SoundBoardViewController.swift */; };
		A77063B9203B51A8009B146C /* SoundBuilder.swift in Sources */ = {isa = PBXBuildFile; fileRef = A77063B8203B51A8009B146C /* SoundBuilder.swift */; };
		A7B27C5E2034D0000053780B /* SoundPlayer.swift in Sources */ = {isa = PBXBuildFile; fileRef = A7B27C5D2034D0000053780B /* SoundPlayer.swift */; };
		A7C4FF05203766940011816A /* SoundBoardWindowController.swift in Sources */ = {isa = PBXBuildFile; fileRef = A7C4FF04203766940011816A /* SoundBoardWindowController.swift */; };
		A7D7F5EB203B5A3E006CAFF5 /* SoundGraphEdge.swift in Sources */ = {isa = PBXBuildFile; fileRef = A7D7F5EA203B5A3E006CAFF5 /* SoundGraphEdge.swift */; };
		A7D7F5ED203B5ACF006CAFF5 /* SoundGraph.swift in Sources */ = {isa = PBXBuildFile; fileRef = A7D7F5EC203B5ACF006CAFF5 /* SoundGraph.swift */; };
/* End PBXBuildFile section */

/* Begin PBXCopyFilesBuildPhase section */
		A758CB88203C8CD500DC69AA /* Embed Frameworks */ = {
			isa = PBXCopyFilesBuildPhase;
			buildActionMask = 2147483647;
			dstPath = "";
			dstSubfolderSpec = 10;
			files = (
			);
			name = "Embed Frameworks";
			runOnlyForDeploymentPostprocessing = 0;
		};
/* End PBXCopyFilesBuildPhase section */

/* Begin PBXFileReference section */
		1D830755041ACFA6FE38E718 /* Pods-Waventasy.debug.xcconfig */ = {isa = PBXFileReference; includeInIndex = 1; lastKnownFileType = text.xcconfig; name = "Pods-Waventasy.debug.xcconfig"; path = "Pods/Target Support Files/Pods-Waventasy/Pods-Waventasy.debug.xcconfig"; sourceTree = "<group>"; };
		64535B28B9D057D9DBCC3CF1 /* Pods-WaveKit.release.xcconfig */ = {isa = PBXFileReference; includeInIndex = 1; lastKnownFileType = text.xcconfig; name = "Pods-WaveKit.release.xcconfig"; path = "Pods/Target Support Files/Pods-WaveKit/Pods-WaveKit.release.xcconfig"; sourceTree = "<group>"; };
		6D8ABFD73382CE2CA8034B49 /* Pods-Waventasy.release.xcconfig */ = {isa = PBXFileReference; includeInIndex = 1; lastKnownFileType = text.xcconfig; name = "Pods-Waventasy.release.xcconfig"; path = "Pods/Target Support Files/Pods-Waventasy/Pods-Waventasy.release.xcconfig"; sourceTree = "<group>"; };
		6E9770747EE1088A6BBE79A9 /* Pods_WaveKit.framework */ = {isa = PBXFileReference; explicitFileType = wrapper.framework; includeInIndex = 0; path = Pods_WaveKit.framework; sourceTree = BUILT_PRODUCTS_DIR; };
		87C21329FD51F9AA38A8FDE2 /* Pods_Waventasy.framework */ = {isa = PBXFileReference; explicitFileType = wrapper.framework; includeInIndex = 0; path = Pods_Waventasy.framework; sourceTree = BUILT_PRODUCTS_DIR; };
		9E956F445A9C4B1975A75743 /* Pods-WaveKit.debug.xcconfig */ = {isa = PBXFileReference; includeInIndex = 1; lastKnownFileType = text.xcconfig; name = "Pods-WaveKit.debug.xcconfig"; path = "Pods/Target Support Files/Pods-WaveKit/Pods-WaveKit.debug.xcconfig"; sourceTree = "<group>"; };
		A7155BDB203645BA00E9B4A7 /* BoardScrollView.swift */ = {isa = PBXFileReference; lastKnownFileType = sourcecode.swift; path = BoardScrollView.swift; sourceTree = "<group>"; };
		A726C81F203890AA00DECE67 /* CGPoint+Operators.swift */ = {isa = PBXFileReference; lastKnownFileType = sourcecode.swift; path = "CGPoint+Operators.swift"; sourceTree = "<group>"; };
		A72D752D2038A76000D60CB0 /* FlippedClipView.swift */ = {isa = PBXFileReference; lastKnownFileType = sourcecode.swift; path = FlippedClipView.swift; sourceTree = "<group>"; };
		A72D752F2039216D00D60CB0 /* NodeDrawing.swift */ = {isa = PBXFileReference; lastKnownFileType = sourcecode.swift; path = NodeDrawing.swift; sourceTree = "<group>"; };
		A72D753320392A1100D60CB0 /* NSColor+Hex.swift */ = {isa = PBXFileReference; lastKnownFileType = sourcecode.swift; path = "NSColor+Hex.swift"; sourceTree = "<group>"; };
		A72D753620399BAB00D60CB0 /* BoardView.swift */ = {isa = PBXFileReference; lastKnownFileType = sourcecode.swift; path = BoardView.swift; sourceTree = "<group>"; };
		A72D753820399BE000D60CB0 /* BoardDataSource.swift */ = {isa = PBXFileReference; lastKnownFileType = sourcecode.swift; path = BoardDataSource.swift; sourceTree = "<group>"; };
		A72D753E2039A0BA00D60CB0 /* BoardDelegate.swift */ = {isa = PBXFileReference; lastKnownFileType = sourcecode.swift; path = BoardDelegate.swift; sourceTree = "<group>"; };
		A72D754D2039C23800D60CB0 /* NSView+NibLoading.swift */ = {isa = PBXFileReference; lastKnownFileType = sourcecode.swift; path = "NSView+NibLoading.swift"; sourceTree = "<group>"; };
		A72D75502039C9E600D60CB0 /* LinkImage.swift */ = {isa = PBXFileReference; lastKnownFileType = sourcecode.swift; path = LinkImage.swift; sourceTree = "<group>"; };
		A72D75522039E2EB00D60CB0 /* NodeAssetImages.swift */ = {isa = PBXFileReference; lastKnownFileType = sourcecode.swift; path = NodeAssetImages.swift; sourceTree = "<group>"; };
		A72D7560203B0D0100D60CB0 /* LinkView.swift */ = {isa = PBXFileReference; lastKnownFileType = sourcecode.swift; path = LinkView.swift; sourceTree = "<group>"; };
		A73045572033868D00DB15DE /* Waventasy.app */ = {isa = PBXFileReference; explicitFileType = wrapper.application; includeInIndex = 0; path = Waventasy.app; sourceTree = BUILT_PRODUCTS_DIR; };
		A730455A2033868D00DB15DE /* AppDelegate.swift */ = {isa = PBXFileReference; lastKnownFileType = sourcecode.swift; path = AppDelegate.swift; sourceTree = "<group>"; };
		A730455E2033868D00DB15DE /* Assets.xcassets */ = {isa = PBXFileReference; lastKnownFileType = folder.assetcatalog; path = Assets.xcassets; sourceTree = "<group>"; };
		A73045612033868D00DB15DE /* Base */ = {isa = PBXFileReference; lastKnownFileType = file.storyboard; name = Base; path = Base.lproj/Main.storyboard; sourceTree = "<group>"; };
		A73045632033868D00DB15DE /* Info.plist */ = {isa = PBXFileReference; lastKnownFileType = text.plist.xml; path = Info.plist; sourceTree = "<group>"; };
		A73045642033868D00DB15DE /* Waventasy.entitlements */ = {isa = PBXFileReference; lastKnownFileType = text.plist.entitlements; path = Waventasy.entitlements; sourceTree = "<group>"; };
		A74708C2203C9A4B0013FF02 /* FrequencyNode.swift */ = {isa = PBXFileReference; lastKnownFileType = sourcecode.swift; path = FrequencyNode.swift; sourceTree = "<group>"; };
		A74708C5203CDC750013FF02 /* HarmonicNode.swift */ = {isa = PBXFileReference; lastKnownFileType = sourcecode.swift; path = HarmonicNode.swift; sourceTree = "<group>"; };
		A74708C8203CDD6E0013FF02 /* Link.swift */ = {isa = PBXFileReference; lastKnownFileType = sourcecode.swift; path = Link.swift; sourceTree = "<group>"; };
		A74708CA203CDE780013FF02 /* ConstantNode.swift */ = {isa = PBXFileReference; lastKnownFileType = sourcecode.swift; path = ConstantNode.swift; sourceTree = "<group>"; };
		A74708CF203CDF6A0013FF02 /* BoardItem.swift */ = {isa = PBXFileReference; lastKnownFileType = sourcecode.swift; path = BoardItem.swift; sourceTree = "<group>"; };
		A74708D1203CDF8C0013FF02 /* BoardItemType.swift */ = {isa = PBXFileReference; lastKnownFileType = sourcecode.swift; path = BoardItemType.swift; sourceTree = "<group>"; };
		A74708D5203CE1A20013FF02 /* NodeView.swift */ = {isa = PBXFileReference; lastKnownFileType = sourcecode.swift; path = NodeView.swift; sourceTree = "<group>"; };
		A74708D7203CE2350013FF02 /* BoardItemView.swift */ = {isa = PBXFileReference; lastKnownFileType = sourcecode.swift; path = BoardItemView.swift; sourceTree = "<group>"; };
		A74708D9203CE29E0013FF02 /* InputView.swift */ = {isa = PBXFileReference; lastKnownFileType = sourcecode.swift; path = InputView.swift; sourceTree = "<group>"; };
		A74708DB203CE2A80013FF02 /* OutputView.swift */ = {isa = PBXFileReference; lastKnownFileType = sourcecode.swift; path = OutputView.swift; sourceTree = "<group>"; };
		A74708DD203CE2E10013FF02 /* PropertyViewDelegate.swift */ = {isa = PBXFileReference; lastKnownFileType = sourcecode.swift; path = PropertyViewDelegate.swift; sourceTree = "<group>"; };
		A74708F7203D90700013FF02 /* BoardView+LinkDelegate.swift */ = {isa = PBXFileReference; lastKnownFileType = sourcecode.swift; path = "BoardView+LinkDelegate.swift"; sourceTree = "<group>"; };
		A74708F9203D907D0013FF02 /* BoardView+NodeDelegate.swift */ = {isa = PBXFileReference; lastKnownFileType = sourcecode.swift; path = "BoardView+NodeDelegate.swift"; sourceTree = "<group>"; };
		A74708FC203DAFA40013FF02 /* ResolveContext.swift */ = {isa = PBXFileReference; lastKnownFileType = sourcecode.swift; path = ResolveContext.swift; sourceTree = "<group>"; };
		A758CB73203C75AF00DC69AA /* Logger.swift */ = {isa = PBXFileReference; lastKnownFileType = sourcecode.swift; path = Logger.swift; sourceTree = "<group>"; };
		A758CB75203C786C00DC69AA /* Enum+Utility.swift */ = {isa = PBXFileReference; lastKnownFileType = sourcecode.swift; path = "Enum+Utility.swift"; sourceTree = "<group>"; };
		A758CB8A203C8D0200DC69AA /* Node.swift */ = {isa = PBXFileReference; lastKnownFileType = sourcecode.swift; path = Node.swift; sourceTree = "<group>"; };
		A758CB8E203C8FA600DC69AA /* Property.swift */ = {isa = PBXFileReference; lastKnownFileType = sourcecode.swift; path = Property.swift; sourceTree = "<group>"; };
		A758CB90203C916700DC69AA /* Input.swift */ = {isa = PBXFileReference; lastKnownFileType = sourcecode.swift; path = Input.swift; sourceTree = "<group>"; };
		A758CB94203C93B700DC69AA /* Value.swift */ = {isa = PBXFileReference; lastKnownFileType = sourcecode.swift; path = Value.swift; sourceTree = "<group>"; };
		A758CB96203C985100DC69AA /* Output.swift */ = {isa = PBXFileReference; lastKnownFileType = sourcecode.swift; path = Output.swift; sourceTree = "<group>"; };
		A75C9DD720362982001B34F6 /* SoundBoardViewController.swift */ = {isa = PBXFileReference; lastKnownFileType = sourcecode.swift; path = SoundBoardViewController.swift; sourceTree = "<group>"; };
		A77063B8203B51A8009B146C /* SoundBuilder.swift */ = {isa = PBXFileReference; lastKnownFileType = sourcecode.swift; path = SoundBuilder.swift; sourceTree = "<group>"; };
		A7B27C5D2034D0000053780B /* SoundPlayer.swift */ = {isa = PBXFileReference; lastKnownFileType = sourcecode.swift; path = SoundPlayer.swift; sourceTree = "<group>"; };
		A7C4FF04203766940011816A /* SoundBoardWindowController.swift */ = {isa = PBXFileReference; lastKnownFileType = sourcecode.swift; path = SoundBoardWindowController.swift; sourceTree = "<group>"; };
		A7D7F5EA203B5A3E006CAFF5 /* SoundGraphEdge.swift */ = {isa = PBXFileReference; lastKnownFileType = sourcecode.swift; path = SoundGraphEdge.swift; sourceTree = "<group>"; };
		A7D7F5EC203B5ACF006CAFF5 /* SoundGraph.swift */ = {isa = PBXFileReference; lastKnownFileType = sourcecode.swift; path = SoundGraph.swift; sourceTree = "<group>"; };
/* End PBXFileReference section */

/* Begin PBXFrameworksBuildPhase section */
		A73045542033868D00DB15DE /* Frameworks */ = {
			isa = PBXFrameworksBuildPhase;
			buildActionMask = 2147483647;
			files = (
				A11A6ADF5754E8360AF617CF /* Pods_Waventasy.framework in Frameworks */,
			);
			runOnlyForDeploymentPostprocessing = 0;
		};
/* End PBXFrameworksBuildPhase section */

/* Begin PBXGroup section */
		57F2EC9C46AEBC942FAF6587 /* Pods */ = {
			isa = PBXGroup;
			children = (
				1D830755041ACFA6FE38E718 /* Pods-Waventasy.debug.xcconfig */,
				6D8ABFD73382CE2CA8034B49 /* Pods-Waventasy.release.xcconfig */,
				9E956F445A9C4B1975A75743 /* Pods-WaveKit.debug.xcconfig */,
				64535B28B9D057D9DBCC3CF1 /* Pods-WaveKit.release.xcconfig */,
			);
			name = Pods;
			sourceTree = "<group>";
		};
		9BC295278DE0711117B1D309 /* Frameworks */ = {
			isa = PBXGroup;
			children = (
				87C21329FD51F9AA38A8FDE2 /* Pods_Waventasy.framework */,
				6E9770747EE1088A6BBE79A9 /* Pods_WaveKit.framework */,
			);
			name = Frameworks;
			sourceTree = "<group>";
		};
		A726C81E2038909400DECE67 /* Utility */ = {
			isa = PBXGroup;
			children = (
				A758CB72203C757B00DC69AA /* Logger */,
				A726C81F203890AA00DECE67 /* CGPoint+Operators.swift */,
				A72D752D2038A76000D60CB0 /* FlippedClipView.swift */,
				A72D753320392A1100D60CB0 /* NSColor+Hex.swift */,
				A72D754D2039C23800D60CB0 /* NSView+NibLoading.swift */,
				A758CB75203C786C00DC69AA /* Enum+Utility.swift */,
			);
			path = Utility;
			sourceTree = "<group>";
		};
		A730454E2033868D00DB15DE = {
			isa = PBXGroup;
			children = (
				A73045592033868D00DB15DE /* Waventasy */,
				A73045582033868D00DB15DE /* Products */,
				57F2EC9C46AEBC942FAF6587 /* Pods */,
				9BC295278DE0711117B1D309 /* Frameworks */,
			);
			sourceTree = "<group>";
		};
		A73045582033868D00DB15DE /* Products */ = {
			isa = PBXGroup;
			children = (
				A73045572033868D00DB15DE /* Waventasy.app */,
			);
			name = Products;
			sourceTree = "<group>";
		};
		A73045592033868D00DB15DE /* Waventasy */ = {
			isa = PBXGroup;
			children = (
				A758CB89203C8CFA00DC69AA /* Core */,
				A74708F4203D8BDE0013FF02 /* Process */,
				A74708CC203CDF2B0013FF02 /* View */,
				A75C9DD520362931001B34F6 /* Controller */,
				A726C81E2038909400DECE67 /* Utility */,
				A730455A2033868D00DB15DE /* AppDelegate.swift */,
				A730455E2033868D00DB15DE /* Assets.xcassets */,
				A73045602033868D00DB15DE /* Main.storyboard */,
				A73045632033868D00DB15DE /* Info.plist */,
				A73045642033868D00DB15DE /* Waventasy.entitlements */,
			);
			path = Waventasy;
			sourceTree = "<group>";
		};
		A74708C4203CCBF40013FF02 /* Value */ = {
			isa = PBXGroup;
			children = (
				A758CB94203C93B700DC69AA /* Value.swift */,
			);
			path = Value;
			sourceTree = "<group>";
		};
		A74708C7203CDD610013FF02 /* Link */ = {
			isa = PBXGroup;
			children = (
				A74708C8203CDD6E0013FF02 /* Link.swift */,
			);
			path = Link;
			sourceTree = "<group>";
		};
		A74708CC203CDF2B0013FF02 /* View */ = {
			isa = PBXGroup;
			children = (
				A74708F3203CEE200013FF02 /* Link */,
				A74708D3203CE1540013FF02 /* Node */,
				A74708CD203CDF3D0013FF02 /* Board */,
			);
			path = View;
			sourceTree = "<group>";
		};
		A74708CD203CDF3D0013FF02 /* Board */ = {
			isa = PBXGroup;
			children = (
				A72D753E2039A0BA00D60CB0 /* BoardDelegate.swift */,
				A72D753820399BE000D60CB0 /* BoardDataSource.swift */,
				A7155BDB203645BA00E9B4A7 /* BoardScrollView.swift */,
				A72D753620399BAB00D60CB0 /* BoardView.swift */,
				A74708F9203D907D0013FF02 /* BoardView+NodeDelegate.swift */,
				A74708F7203D90700013FF02 /* BoardView+LinkDelegate.swift */,
				A74708CE203CDF560013FF02 /* Item */,
			);
			path = Board;
			sourceTree = "<group>";
		};
		A74708CE203CDF560013FF02 /* Item */ = {
			isa = PBXGroup;
			children = (
				A74708CF203CDF6A0013FF02 /* BoardItem.swift */,
				A74708D1203CDF8C0013FF02 /* BoardItemType.swift */,
				A74708D7203CE2350013FF02 /* BoardItemView.swift */,
			);
			path = Item;
			sourceTree = "<group>";
		};
		A74708D3203CE1540013FF02 /* Node */ = {
			isa = PBXGroup;
			children = (
				A74708D4203CE1710013FF02 /* PropertyView */,
				A74708D5203CE1A20013FF02 /* NodeView.swift */,
				A72D752F2039216D00D60CB0 /* NodeDrawing.swift */,
				A72D75522039E2EB00D60CB0 /* NodeAssetImages.swift */,
			);
			path = Node;
			sourceTree = "<group>";
		};
		A74708D4203CE1710013FF02 /* PropertyView */ = {
			isa = PBXGroup;
			children = (
				A74708D9203CE29E0013FF02 /* InputView.swift */,
				A74708DB203CE2A80013FF02 /* OutputView.swift */,
				A74708DD203CE2E10013FF02 /* PropertyViewDelegate.swift */,
			);
			path = PropertyView;
			sourceTree = "<group>";
		};
		A74708F3203CEE200013FF02 /* Link */ = {
			isa = PBXGroup;
			children = (
				A72D7560203B0D0100D60CB0 /* LinkView.swift */,
				A72D75502039C9E600D60CB0 /* LinkImage.swift */,
			);
			path = Link;
			sourceTree = "<group>";
		};
		A74708F4203D8BDE0013FF02 /* Process */ = {
			isa = PBXGroup;
			children = (
				A74708F6203D8F2A0013FF02 /* Build */,
				A74708F5203D8BFA0013FF02 /* Play */,
			);
			path = Process;
			sourceTree = "<group>";
		};
		A74708F5203D8BFA0013FF02 /* Play */ = {
			isa = PBXGroup;
			children = (
				A7B27C5D2034D0000053780B /* SoundPlayer.swift */,
			);
			path = Play;
			sourceTree = "<group>";
		};
		A74708F6203D8F2A0013FF02 /* Build */ = {
			isa = PBXGroup;
			children = (
				A77063B8203B51A8009B146C /* SoundBuilder.swift */,
				A7D7F5EA203B5A3E006CAFF5 /* SoundGraphEdge.swift */,
				A7D7F5EC203B5ACF006CAFF5 /* SoundGraph.swift */,
			);
			path = Build;
			sourceTree = "<group>";
		};
		A74708FB203DAF970013FF02 /* Resolve */ = {
			isa = PBXGroup;
			children = (
				A74708FC203DAFA40013FF02 /* ResolveContext.swift */,
			);
			path = Resolve;
			sourceTree = "<group>";
		};
		A758CB72203C757B00DC69AA /* Logger */ = {
			isa = PBXGroup;
			children = (
				A758CB73203C75AF00DC69AA /* Logger.swift */,
			);
			path = Logger;
			sourceTree = "<group>";
		};
		A758CB89203C8CFA00DC69AA /* Core */ = {
			isa = PBXGroup;
			children = (
				A74708C7203CDD610013FF02 /* Link */,
				A758CB8D203C8F9200DC69AA /* Property */,
				A758CB8C203C8F8400DC69AA /* Node */,
			);
			path = Core;
			sourceTree = "<group>";
		};
		A758CB8C203C8F8400DC69AA /* Node */ = {
			isa = PBXGroup;
			children = (
				A74708FB203DAF970013FF02 /* Resolve */,
				A758CB8A203C8D0200DC69AA /* Node.swift */,
				A74708C2203C9A4B0013FF02 /* FrequencyNode.swift */,
				A74708C5203CDC750013FF02 /* HarmonicNode.swift */,
				A74708CA203CDE780013FF02 /* ConstantNode.swift */,
			);
			path = Node;
			sourceTree = "<group>";
		};
		A758CB8D203C8F9200DC69AA /* Property */ = {
			isa = PBXGroup;
			children = (
				A74708C4203CCBF40013FF02 /* Value */,
				A758CB8E203C8FA600DC69AA /* Property.swift */,
				A758CB90203C916700DC69AA /* Input.swift */,
				A758CB96203C985100DC69AA /* Output.swift */,
			);
			path = Property;
			sourceTree = "<group>";
		};
		A75C9DD520362931001B34F6 /* Controller */ = {
			isa = PBXGroup;
			children = (
				A75C9DD620362942001B34F6 /* SoundBoard */,
			);
			path = Controller;
			sourceTree = "<group>";
		};
		A75C9DD620362942001B34F6 /* SoundBoard */ = {
			isa = PBXGroup;
			children = (
				A75C9DD720362982001B34F6 /* SoundBoardViewController.swift */,
				A7C4FF04203766940011816A /* SoundBoardWindowController.swift */,
			);
			path = SoundBoard;
			sourceTree = "<group>";
		};
/* End PBXGroup section */

/* Begin PBXNativeTarget section */
		A73045562033868D00DB15DE /* Waventasy */ = {
			isa = PBXNativeTarget;
			buildConfigurationList = A73045672033868D00DB15DE /* Build configuration list for PBXNativeTarget "Waventasy" */;
			buildPhases = (
				6E0E971A51AFB5C2FA9198DC /* [CP] Check Pods Manifest.lock */,
				A73045532033868D00DB15DE /* Sources */,
				A73045542033868D00DB15DE /* Frameworks */,
				A73045552033868D00DB15DE /* Resources */,
				A3AA9399574B25D06CBFFBDD /* [CP] Embed Pods Frameworks */,
				1C5D1DD657493D4C2B59BDEA /* [CP] Copy Pods Resources */,
				A758CB88203C8CD500DC69AA /* Embed Frameworks */,
			);
			buildRules = (
			);
			dependencies = (
			);
			name = Waventasy;
			productName = Waventasy;
			productReference = A73045572033868D00DB15DE /* Waventasy.app */;
			productType = "com.apple.product-type.application";
		};
/* End PBXNativeTarget section */

/* Begin PBXProject section */
		A730454F2033868D00DB15DE /* Project object */ = {
			isa = PBXProject;
			attributes = {
				LastSwiftUpdateCheck = 0920;
				LastUpgradeCheck = 0920;
				ORGANIZATIONNAME = "Leonardo Ascione";
				TargetAttributes = {
					A73045562033868D00DB15DE = {
						CreatedOnToolsVersion = 9.2;
						ProvisioningStyle = Automatic;
						SystemCapabilities = {
							com.apple.Sandbox = {
								enabled = 0;
							};
						};
					};
				};
			};
			buildConfigurationList = A73045522033868D00DB15DE /* Build configuration list for PBXProject "Waventasy" */;
			compatibilityVersion = "Xcode 8.0";
			developmentRegion = en;
			hasScannedForEncodings = 0;
			knownRegions = (
				en,
				Base,
			);
			mainGroup = A730454E2033868D00DB15DE;
			productRefGroup = A73045582033868D00DB15DE /* Products */;
			projectDirPath = "";
			projectRoot = "";
			targets = (
				A73045562033868D00DB15DE /* Waventasy */,
			);
		};
/* End PBXProject section */

/* Begin PBXResourcesBuildPhase section */
		A73045552033868D00DB15DE /* Resources */ = {
			isa = PBXResourcesBuildPhase;
			buildActionMask = 2147483647;
			files = (
				A730455F2033868D00DB15DE /* Assets.xcassets in Resources */,
				A73045622033868D00DB15DE /* Main.storyboard in Resources */,
			);
			runOnlyForDeploymentPostprocessing = 0;
		};
/* End PBXResourcesBuildPhase section */

/* Begin PBXShellScriptBuildPhase section */
		1C5D1DD657493D4C2B59BDEA /* [CP] Copy Pods Resources */ = {
			isa = PBXShellScriptBuildPhase;
			buildActionMask = 2147483647;
			files = (
			);
			inputPaths = (
			);
			name = "[CP] Copy Pods Resources";
			outputPaths = (
			);
			runOnlyForDeploymentPostprocessing = 0;
			shellPath = /bin/sh;
			shellScript = "\"${SRCROOT}/Pods/Target Support Files/Pods-Waventasy/Pods-Waventasy-resources.sh\"\n";
			showEnvVarsInLog = 0;
		};
		6E0E971A51AFB5C2FA9198DC /* [CP] Check Pods Manifest.lock */ = {
			isa = PBXShellScriptBuildPhase;
			buildActionMask = 2147483647;
			files = (
			);
			inputPaths = (
				"${PODS_PODFILE_DIR_PATH}/Podfile.lock",
				"${PODS_ROOT}/Manifest.lock",
			);
			name = "[CP] Check Pods Manifest.lock";
			outputPaths = (
				"$(DERIVED_FILE_DIR)/Pods-Waventasy-checkManifestLockResult.txt",
			);
			runOnlyForDeploymentPostprocessing = 0;
			shellPath = /bin/sh;
			shellScript = "diff \"${PODS_PODFILE_DIR_PATH}/Podfile.lock\" \"${PODS_ROOT}/Manifest.lock\" > /dev/null\nif [ $? != 0 ] ; then\n    # print error to STDERR\n    echo \"error: The sandbox is not in sync with the Podfile.lock. Run 'pod install' or update your CocoaPods installation.\" >&2\n    exit 1\nfi\n# This output is used by Xcode 'outputs' to avoid re-running this script phase.\necho \"SUCCESS\" > \"${SCRIPT_OUTPUT_FILE_0}\"\n";
			showEnvVarsInLog = 0;
		};
		A3AA9399574B25D06CBFFBDD /* [CP] Embed Pods Frameworks */ = {
			isa = PBXShellScriptBuildPhase;
			buildActionMask = 2147483647;
			files = (
			);
			inputPaths = (
				"${SRCROOT}/Pods/Target Support Files/Pods-Waventasy/Pods-Waventasy-frameworks.sh",
				"${PODS_ROOT}/AudioKit/macOS/AudioKit.framework",
				"${PODS_ROOT}/AudioKit/macOS/AudioKitUI.framework",
				"${BUILT_PRODUCTS_DIR}/SwiftGraph/SwiftGraph.framework",
			);
			name = "[CP] Embed Pods Frameworks";
			outputPaths = (
				"${TARGET_BUILD_DIR}/${FRAMEWORKS_FOLDER_PATH}/AudioKit.framework",
				"${TARGET_BUILD_DIR}/${FRAMEWORKS_FOLDER_PATH}/AudioKitUI.framework",
				"${TARGET_BUILD_DIR}/${FRAMEWORKS_FOLDER_PATH}/SwiftGraph.framework",
			);
			runOnlyForDeploymentPostprocessing = 0;
			shellPath = /bin/sh;
			shellScript = "\"${SRCROOT}/Pods/Target Support Files/Pods-Waventasy/Pods-Waventasy-frameworks.sh\"\n";
			showEnvVarsInLog = 0;
		};
/* End PBXShellScriptBuildPhase section */

/* Begin PBXSourcesBuildPhase section */
		A73045532033868D00DB15DE /* Sources */ = {
			isa = PBXSourcesBuildPhase;
			buildActionMask = 2147483647;
			files = (
				A74708E3203CECFA0013FF02 /* Link.swift in Sources */,
				A74708E5203CED480013FF02 /* Property.swift in Sources */,
				A72D753420392A1100D60CB0 /* NSColor+Hex.swift in Sources */,
				A74708EF203CEDE00013FF02 /* NodeView.swift in Sources */,
				A7C4FF05203766940011816A /* SoundBoardWindowController.swift in Sources */,
				A74708F8203D90700013FF02 /* BoardView+LinkDelegate.swift in Sources */,
				A74708FA203D907D0013FF02 /* BoardView+NodeDelegate.swift in Sources */,
				A72D7561203B0D0100D60CB0 /* LinkView.swift in Sources */,
				A74708E8203CED590013FF02 /* Node.swift in Sources */,
				A72D754E2039C23800D60CB0 /* NSView+NibLoading.swift in Sources */,
				A77063B9203B51A8009B146C /* SoundBuilder.swift in Sources */,
				A72D75532039E2EB00D60CB0 /* NodeAssetImages.swift in Sources */,
				A74708E6203CED4C0013FF02 /* Input.swift in Sources */,
				A74708F0203CEDE50013FF02 /* BoardItem.swift in Sources */,
				A726C820203890AA00DECE67 /* CGPoint+Operators.swift in Sources */,
				A7B27C5E2034D0000053780B /* SoundPlayer.swift in Sources */,
				A758CB76203C786C00DC69AA /* Enum+Utility.swift in Sources */,
				A72D753920399BE000D60CB0 /* BoardDataSource.swift in Sources */,
				A74708E4203CED3B0013FF02 /* Value.swift in Sources */,
				A758CB74203C75AF00DC69AA /* Logger.swift in Sources */,
				A7D7F5ED203B5ACF006CAFF5 /* SoundGraph.swift in Sources */,
				A74708EB203CED670013FF02 /* ConstantNode.swift in Sources */,
				A72D752E2038A76000D60CB0 /* FlippedClipView.swift in Sources */,
				A74708F2203CEDEE0013FF02 /* BoardItemView.swift in Sources */,
				A7D7F5EB203B5A3E006CAFF5 /* SoundGraphEdge.swift in Sources */,
				A74708EA203CED640013FF02 /* HarmonicNode.swift in Sources */,
				A74708E9203CED5D0013FF02 /* FrequencyNode.swift in Sources */,
				A74708EE203CEDDC0013FF02 /* PropertyViewDelegate.swift in Sources */,
				A74708FD203DAFA40013FF02 /* ResolveContext.swift in Sources */,
				A75C9DD820362982001B34F6 /* SoundBoardViewController.swift in Sources */,
				A74708F1203CEDEA0013FF02 /* BoardItemType.swift in Sources */,
				A74708ED203CEDD80013FF02 /* OutputView.swift in Sources */,
				A7155BDC203645BA00E9B4A7 /* BoardScrollView.swift in Sources */,
				A72D753720399BAB00D60CB0 /* BoardView.swift in Sources */,
				A74708E7203CED510013FF02 /* Output.swift in Sources */,
				A72D753F2039A0BA00D60CB0 /* BoardDelegate.swift in Sources */,
				A72D75512039C9E600D60CB0 /* LinkImage.swift in Sources */,
				A74708EC203CEDD10013FF02 /* InputView.swift in Sources */,
				A72D75302039216D00D60CB0 /* NodeDrawing.swift in Sources */,
				A730455B2033868D00DB15DE /* AppDelegate.swift in Sources */,
			);
			runOnlyForDeploymentPostprocessing = 0;
		};
/* End PBXSourcesBuildPhase section */

/* Begin PBXVariantGroup section */
		A73045602033868D00DB15DE /* Main.storyboard */ = {
			isa = PBXVariantGroup;
			children = (
				A73045612033868D00DB15DE /* Base */,
			);
			name = Main.storyboard;
			sourceTree = "<group>";
		};
/* End PBXVariantGroup section */

/* Begin XCBuildConfiguration section */
		A73045652033868D00DB15DE /* Debug */ = {
			isa = XCBuildConfiguration;
			buildSettings = {
				ALWAYS_SEARCH_USER_PATHS = NO;
				CLANG_ANALYZER_NONNULL = YES;
				CLANG_ANALYZER_NUMBER_OBJECT_CONVERSION = YES_AGGRESSIVE;
				CLANG_CXX_LANGUAGE_STANDARD = "gnu++14";
				CLANG_CXX_LIBRARY = "libc++";
				CLANG_ENABLE_MODULES = YES;
				CLANG_ENABLE_OBJC_ARC = YES;
				CLANG_WARN_BLOCK_CAPTURE_AUTORELEASING = YES;
				CLANG_WARN_BOOL_CONVERSION = YES;
				CLANG_WARN_COMMA = YES;
				CLANG_WARN_CONSTANT_CONVERSION = YES;
				CLANG_WARN_DIRECT_OBJC_ISA_USAGE = YES_ERROR;
				CLANG_WARN_DOCUMENTATION_COMMENTS = YES;
				CLANG_WARN_EMPTY_BODY = YES;
				CLANG_WARN_ENUM_CONVERSION = YES;
				CLANG_WARN_INFINITE_RECURSION = YES;
				CLANG_WARN_INT_CONVERSION = YES;
				CLANG_WARN_NON_LITERAL_NULL_CONVERSION = YES;
				CLANG_WARN_OBJC_LITERAL_CONVERSION = YES;
				CLANG_WARN_OBJC_ROOT_CLASS = YES_ERROR;
				CLANG_WARN_RANGE_LOOP_ANALYSIS = YES;
				CLANG_WARN_STRICT_PROTOTYPES = YES;
				CLANG_WARN_SUSPICIOUS_MOVE = YES;
				CLANG_WARN_UNGUARDED_AVAILABILITY = YES_AGGRESSIVE;
				CLANG_WARN_UNREACHABLE_CODE = YES;
				CLANG_WARN__DUPLICATE_METHOD_MATCH = YES;
				CODE_SIGN_IDENTITY = "Mac Developer";
				COPY_PHASE_STRIP = NO;
				DEBUG_INFORMATION_FORMAT = dwarf;
				ENABLE_STRICT_OBJC_MSGSEND = YES;
				ENABLE_TESTABILITY = YES;
				GCC_C_LANGUAGE_STANDARD = gnu11;
				GCC_DYNAMIC_NO_PIC = NO;
				GCC_NO_COMMON_BLOCKS = YES;
				GCC_OPTIMIZATION_LEVEL = 0;
				GCC_PREPROCESSOR_DEFINITIONS = (
					"DEBUG=1",
					"$(inherited)",
				);
				GCC_WARN_64_TO_32_BIT_CONVERSION = YES;
				GCC_WARN_ABOUT_RETURN_TYPE = YES_ERROR;
				GCC_WARN_UNDECLARED_SELECTOR = YES;
				GCC_WARN_UNINITIALIZED_AUTOS = YES_AGGRESSIVE;
				GCC_WARN_UNUSED_FUNCTION = YES;
				GCC_WARN_UNUSED_VARIABLE = YES;
				MACOSX_DEPLOYMENT_TARGET = 10.12;
				MTL_ENABLE_DEBUG_INFO = YES;
				ONLY_ACTIVE_ARCH = YES;
				SDKROOT = macosx;
				SWIFT_ACTIVE_COMPILATION_CONDITIONS = DEBUG;
				SWIFT_OPTIMIZATION_LEVEL = "-Onone";
			};
			name = Debug;
		};
		A73045662033868D00DB15DE /* Release */ = {
			isa = XCBuildConfiguration;
			buildSettings = {
				ALWAYS_SEARCH_USER_PATHS = NO;
				CLANG_ANALYZER_NONNULL = YES;
				CLANG_ANALYZER_NUMBER_OBJECT_CONVERSION = YES_AGGRESSIVE;
				CLANG_CXX_LANGUAGE_STANDARD = "gnu++14";
				CLANG_CXX_LIBRARY = "libc++";
				CLANG_ENABLE_MODULES = YES;
				CLANG_ENABLE_OBJC_ARC = YES;
				CLANG_WARN_BLOCK_CAPTURE_AUTORELEASING = YES;
				CLANG_WARN_BOOL_CONVERSION = YES;
				CLANG_WARN_COMMA = YES;
				CLANG_WARN_CONSTANT_CONVERSION = YES;
				CLANG_WARN_DIRECT_OBJC_ISA_USAGE = YES_ERROR;
				CLANG_WARN_DOCUMENTATION_COMMENTS = YES;
				CLANG_WARN_EMPTY_BODY = YES;
				CLANG_WARN_ENUM_CONVERSION = YES;
				CLANG_WARN_INFINITE_RECURSION = YES;
				CLANG_WARN_INT_CONVERSION = YES;
				CLANG_WARN_NON_LITERAL_NULL_CONVERSION = YES;
				CLANG_WARN_OBJC_LITERAL_CONVERSION = YES;
				CLANG_WARN_OBJC_ROOT_CLASS = YES_ERROR;
				CLANG_WARN_RANGE_LOOP_ANALYSIS = YES;
				CLANG_WARN_STRICT_PROTOTYPES = YES;
				CLANG_WARN_SUSPICIOUS_MOVE = YES;
				CLANG_WARN_UNGUARDED_AVAILABILITY = YES_AGGRESSIVE;
				CLANG_WARN_UNREACHABLE_CODE = YES;
				CLANG_WARN__DUPLICATE_METHOD_MATCH = YES;
				CODE_SIGN_IDENTITY = "Mac Developer";
				COPY_PHASE_STRIP = NO;
				DEBUG_INFORMATION_FORMAT = "dwarf-with-dsym";
				ENABLE_NS_ASSERTIONS = NO;
				ENABLE_STRICT_OBJC_MSGSEND = YES;
				GCC_C_LANGUAGE_STANDARD = gnu11;
				GCC_NO_COMMON_BLOCKS = YES;
				GCC_WARN_64_TO_32_BIT_CONVERSION = YES;
				GCC_WARN_ABOUT_RETURN_TYPE = YES_ERROR;
				GCC_WARN_UNDECLARED_SELECTOR = YES;
				GCC_WARN_UNINITIALIZED_AUTOS = YES_AGGRESSIVE;
				GCC_WARN_UNUSED_FUNCTION = YES;
				GCC_WARN_UNUSED_VARIABLE = YES;
				MACOSX_DEPLOYMENT_TARGET = 10.12;
				MTL_ENABLE_DEBUG_INFO = NO;
				SDKROOT = macosx;
				SWIFT_OPTIMIZATION_LEVEL = "-Owholemodule";
			};
			name = Release;
		};
		A73045682033868D00DB15DE /* Debug */ = {
			isa = XCBuildConfiguration;
			baseConfigurationReference = 1D830755041ACFA6FE38E718 /* Pods-Waventasy.debug.xcconfig */;
			buildSettings = {
				ALWAYS_EMBED_SWIFT_STANDARD_LIBRARIES = "$(inherited)";
				ASSETCATALOG_COMPILER_APPICON_NAME = AppIcon;
				CODE_SIGN_IDENTITY = "Mac Developer";
				CODE_SIGN_STYLE = Automatic;
				COMBINE_HIDPI_IMAGES = NO;
				DEVELOPMENT_TEAM = UG9F7JGZ3C;
				INFOPLIST_FILE = Waventasy/Info.plist;
				LD_RUNPATH_SEARCH_PATHS = "$(inherited) @executable_path/../Frameworks @loader_path/../Frameworks";
				PRODUCT_BUNDLE_IDENTIFIER = com.leonardfactory.Waventasy;
				PRODUCT_NAME = "$(TARGET_NAME)";
				PROVISIONING_PROFILE_SPECIFIER = "";
				SWIFT_VERSION = 4.0;
			};
			name = Debug;
		};
		A73045692033868D00DB15DE /* Release */ = {
			isa = XCBuildConfiguration;
			baseConfigurationReference = 6D8ABFD73382CE2CA8034B49 /* Pods-Waventasy.release.xcconfig */;
			buildSettings = {
				ALWAYS_EMBED_SWIFT_STANDARD_LIBRARIES = "$(inherited)";
				ASSETCATALOG_COMPILER_APPICON_NAME = AppIcon;
				CODE_SIGN_IDENTITY = "Mac Developer";
				CODE_SIGN_STYLE = Automatic;
				COMBINE_HIDPI_IMAGES = NO;
				DEVELOPMENT_TEAM = UG9F7JGZ3C;
				INFOPLIST_FILE = Waventasy/Info.plist;
				LD_RUNPATH_SEARCH_PATHS = "$(inherited) @executable_path/../Frameworks @loader_path/../Frameworks";
				PRODUCT_BUNDLE_IDENTIFIER = com.leonardfactory.Waventasy;
				PRODUCT_NAME = "$(TARGET_NAME)";
				PROVISIONING_PROFILE_SPECIFIER = "";
				SWIFT_VERSION = 4.0;
			};
			name = Release;
		};
/* End XCBuildConfiguration section */

/* Begin XCConfigurationList section */
		A73045522033868D00DB15DE /* Build configuration list for PBXProject "Waventasy" */ = {
			isa = XCConfigurationList;
			buildConfigurations = (
				A73045652033868D00DB15DE /* Debug */,
				A73045662033868D00DB15DE /* Release */,
			);
			defaultConfigurationIsVisible = 0;
			defaultConfigurationName = Release;
		};
		A73045672033868D00DB15DE /* Build configuration list for PBXNativeTarget "Waventasy" */ = {
			isa = XCConfigurationList;
			buildConfigurations = (
				A73045682033868D00DB15DE /* Debug */,
				A73045692033868D00DB15DE /* Release */,
			);
			defaultConfigurationIsVisible = 0;
			defaultConfigurationName = Release;
		};
/* End XCConfigurationList section */
	};
	rootObject = A730454F2033868D00DB15DE /* Project object */;
}
